
Microsoft Visual Studio Solution File, Format Version 12.00
# Visual Studio 15
VisualStudioVersion = 15.0.26730.15
MinimumVisualStudioVersion = 10.0.40219.1
Project("{FAE04EC0-301F-11D3-BF4B-00C04F79EFBC}") = "CEOEye", "CEOEye\CEOEye.csproj", "{3AF8F6CD-3522-4142-BE6F-72AD542245EF}"
EndProject
Project("{2150E333-8FDC-42A3-9474-1A3956D46DE8}") = "Solution Items", "Solution Items", "{39D35BD2-7D21-47B4-9DEF-D59B635545B7}"
	ProjectSection(SolutionItems) = preProject
		CEOEye\images\analytics.ico = CEOEye\images\analytics.ico
		CEOEye\images\analytics.png = CEOEye\images\analytics.png
	EndProjectSection
EndProject
Global
	GlobalSection(SolutionConfigurationPlatforms) = preSolution
		Debug|Any CPU = Debug|Any CPU
		Release|Any CPU = Release|Any CPU
	EndGlobalSection
	GlobalSection(ProjectConfigurationPlatforms) = postSolution
		{3AF8F6CD-3522-4142-BE6F-72AD542245EF}.Debug|Any CPU.ActiveCfg = Debug|Any CPU
		{3AF8F6CD-3522-4142-BE6F-72AD542245EF}.Debug|Any CPU.Build.0 = Debug|Any CPU
		{3AF8F6CD-3522-4142-BE6F-72AD542245EF}.Release|Any CPU.ActiveCfg = Release|Any CPU
		{3AF8F6CD-3522-4142-BE6F-72AD542245EF}.Release|Any CPU.Build.0 = Release|Any CPU
	EndGlobalSection
	GlobalSection(SolutionProperties) = preSolution
		HideSolutionNode = FALSE
	EndGlobalSection
	GlobalSection(ExtensibilityGlobals) = postSolution
		SolutionGuid = {C5172947-12C9-4C66-BCEB-2A312EE4A819}
	EndGlobalSection
EndGlobal
